# This file was autogenerated by Stack.
# You should not edit this file by hand.
# For more information, please see the documentation at:
#   https://docs.haskellstack.org/en/stable/lock_files

snapshots:
- original: lts-16.3
  completed:
    url: https://raw.githubusercontent.com/commercialhaskell/stackage-snapshots/master/lts/16/3.yaml
    sha256: 65e3a94c65ad07fa1913649e3f1e36c4af51bf528a5d9fd217bdc1b46d0477cc
    size: 531696
packages:
- original:
    hackage: reactive-banana-1.2.2.0
  completed:
    pantry-tree:
      sha256: a4169d84c8bd41a5ea5a02b6c2d0802fd8f5f9f358c3586a678104387a390d84
      size: 2443
    hackage: reactive-banana-1.2.2.0@sha256:fe56b82f1e0e82f986b2fe9a2f17ef4775315768595adfb40648322a8d1b1d8c,4027
- original:
    hackage: gi-gtk-3.0.38
  completed:
    pantry-tree:
      sha256: fd32c6964cc52642881f1bb6970b636c758a220d7d047aa367acfa0a4b6afa50
      size: 359
    hackage: gi-gtk-3.0.38@sha256:9e59f45e8d522f49628815a21b58029c3ddcef97eec9633e80ce08205d7f473b,39333
- original:
    hackage: gi-gdk-3.0.22
  completed:
    pantry-tree:
      sha256: 505446ce942474fe01357693aeef668fc8c7493537040b94f377e2b448785644
      size: 355
    hackage: gi-gdk-3.0.22@sha256:cfc6709c26c844aa2242ef579d84ceaa58703d226346ac80144ea68285b574e8,9003
- original:
    hackage: gi-gdkpixbuf-2.0.23
  completed:
    pantry-tree:
      sha256: 71b891d78fd2a1ac65f6ddaddbf3fbd664e72eb7ca0798f417fae2abc91f294a
      size: 368
    hackage: gi-gdkpixbuf-2.0.23@sha256:f08d95ddea4431978e872684af359ece52f241e00acdbfffade86211f0a49e47,3842
- original:
    hackage: gi-gio-2.0.26
  completed:
    pantry-tree:
      sha256: 0e0da90130fd79dd516b5f059798990d77209ccc40fa2d9118f9d7102cd95764
      size: 359
    hackage: gi-gio-2.0.26@sha256:d79cdefd6ffe792e1f353b2c8c190d3adde961c7e6438e3deea80afe5e253e16,21869
- original:
    hackage: gi-pango-1.0.22
  completed:
    pantry-tree:
      sha256: 61e2927c45a7a0fe209cd9b36348a112b59360f2c6c0d49f0f47066de90339c8
      size: 360
    hackage: gi-pango-1.0.22@sha256:d415a3527698cb624fb724062b8f0a81b56bc40eff3d8b67450f083db86d3c7d,8147
- original:
    hackage: gi-gsk-4.0.1
  completed:
    pantry-tree:
      sha256: 9e8d4bd2532f248c82b99d0cfa4b359bd954c6ed4fce9327786b97c237e6f498
      size: 351
    hackage: gi-gsk-4.0.1@sha256:b2c9d3f81f02d559ad1c60a3578939ab0d5bcf5631b432cddcf14c605316089d,3947
- original:
    hackage: hashable-1.3.0.0
  completed:
    pantry-tree:
      sha256: e7d5dbcea435993e180947216759031527ee3c2ddba276f1942f815d629e1e3a
      size: 1521
    hackage: hashable-1.3.0.0@sha256:d60cad00223d46172020c136e68acef0481a47d0302b2e74b1805b4f3a446a9b,5389
- original:
    hackage: semigroups-0.18.5
  completed:
    pantry-tree:
      sha256: 7fe152b45de8c6a929db10c68b0576e35f7054492c528e8aa10cb1af2fc80953
      size: 533
    hackage: semigroups-0.18.5@sha256:41ef9f5f183f66c519c5cddcb3fbfdbc9b67a2b7bfae7d81f91de9ff7367d8c6,5828
